// !$*UTF8*$!
{
	archiveVersion = 1;
	classes = {
	};
	objectVersion = 50;
	objects = {

/* Begin PBXBuildFile section */
		82D9895623DCD4D4005FB95D /* AppDelegate.swift in Sources */ = {isa = PBXBuildFile; fileRef = 82D9895523DCD4D4005FB95D /* AppDelegate.swift */; };
		82D9895823DCD4D4005FB95D /* SceneDelegate.swift in Sources */ = {isa = PBXBuildFile; fileRef = 82D9895723DCD4D4005FB95D /* SceneDelegate.swift */; };
		82D9895A23DCD4D4005FB95D /* ViewController.swift in Sources */ = {isa = PBXBuildFile; fileRef = 82D9895923DCD4D4005FB95D /* ViewController.swift */; };
		82D9895D23DCD4D4005FB95D /* Main.storyboard in Resources */ = {isa = PBXBuildFile; fileRef = 82D9895B23DCD4D4005FB95D /* Main.storyboard */; };
		82D9895F23DCD4D5005FB95D /* Assets.xcassets in Resources */ = {isa = PBXBuildFile; fileRef = 82D9895E23DCD4D5005FB95D /* Assets.xcassets */; };
		82D9896223DCD4D5005FB95D /* LaunchScreen.storyboard in Resources */ = {isa = PBXBuildFile; fileRef = 82D9896023DCD4D5005FB95D /* LaunchScreen.storyboard */; };
		82D9896B23DD28F6005FB95D /* TreeImageCollectionViewCell.swift in Sources */ = {isa = PBXBuildFile; fileRef = 82D9896923DD28F6005FB95D /* TreeImageCollectionViewCell.swift */; };
		82D9896C23DD28F6005FB95D /* TreeImageCollectionViewCell.xib in Resources */ = {isa = PBXBuildFile; fileRef = 82D9896A23DD28F6005FB95D /* TreeImageCollectionViewCell.xib */; };
		82D9896F23DD2A76005FB95D /* ActivityTableViewCell.swift in Sources */ = {isa = PBXBuildFile; fileRef = 82D9896D23DD2A76005FB95D /* ActivityTableViewCell.swift */; };
		82D9897023DD2A76005FB95D /* ActivityTableViewCell.xib in Resources */ = {isa = PBXBuildFile; fileRef = 82D9896E23DD2A76005FB95D /* ActivityTableViewCell.xib */; };
		82D9897223DD4484005FB95D /* Activity.swift in Sources */ = {isa = PBXBuildFile; fileRef = 82D9897123DD4484005FB95D /* Activity.swift */; };
		82D9897423DDBA29005FB95D /* ScanViewController.swift in Sources */ = {isa = PBXBuildFile; fileRef = 82D9897323DDBA29005FB95D /* ScanViewController.swift */; };
		82D9897623DDBB22005FB95D /* InProgressUIViewController.swift in Sources */ = {isa = PBXBuildFile; fileRef = 82D9897523DDBB22005FB95D /* InProgressUIViewController.swift */; };
		82D9897823DDC1BC005FB95D /* LeaderboardViewController.swift in Sources */ = {isa = PBXBuildFile; fileRef = 82D9897723DDC1BC005FB95D /* LeaderboardViewController.swift */; };
		82D9897B23DDC33F005FB95D /* LeaderTableViewCell.swift in Sources */ = {isa = PBXBuildFile; fileRef = 82D9897923DDC33F005FB95D /* LeaderTableViewCell.swift */; };
		82D9897C23DDC33F005FB95D /* LeaderTableViewCell.xib in Resources */ = {isa = PBXBuildFile; fileRef = 82D9897A23DDC33F005FB95D /* LeaderTableViewCell.xib */; };
		82D9897E23DDC952005FB95D /* stats.swift in Sources */ = {isa = PBXBuildFile; fileRef = 82D9897D23DDC952005FB95D /* stats.swift */; };
/* End PBXBuildFile section */

/* Begin PBXFileReference section */
		82D9895223DCD4D4005FB95D /* LaForet.app */ = {isa = PBXFileReference; explicitFileType = wrapper.application; includeInIndex = 0; path = LaForet.app; sourceTree = BUILT_PRODUCTS_DIR; };
		82D9895523DCD4D4005FB95D /* AppDelegate.swift */ = {isa = PBXFileReference; lastKnownFileType = sourcecode.swift; path = AppDelegate.swift; sourceTree = "<group>"; };
		82D9895723DCD4D4005FB95D /* SceneDelegate.swift */ = {isa = PBXFileReference; lastKnownFileType = sourcecode.swift; path = SceneDelegate.swift; sourceTree = "<group>"; };
		82D9895923DCD4D4005FB95D /* ViewController.swift */ = {isa = PBXFileReference; lastKnownFileType = sourcecode.swift; path = ViewController.swift; sourceTree = "<group>"; };
		82D9895C23DCD4D4005FB95D /* Base */ = {isa = PBXFileReference; lastKnownFileType = file.storyboard; name = Base; path = Base.lproj/Main.storyboard; sourceTree = "<group>"; };
		82D9895E23DCD4D5005FB95D /* Assets.xcassets */ = {isa = PBXFileReference; lastKnownFileType = folder.assetcatalog; path = Assets.xcassets; sourceTree = "<group>"; };
		82D9896123DCD4D5005FB95D /* Base */ = {isa = PBXFileReference; lastKnownFileType = file.storyboard; name = Base; path = Base.lproj/LaunchScreen.storyboard; sourceTree = "<group>"; };
		82D9896323DCD4D5005FB95D /* Info.plist */ = {isa = PBXFileReference; lastKnownFileType = text.plist.xml; path = Info.plist; sourceTree = "<group>"; };
		82D9896923DD28F6005FB95D /* TreeImageCollectionViewCell.swift */ = {isa = PBXFileReference; lastKnownFileType = sourcecode.swift; path = TreeImageCollectionViewCell.swift; sourceTree = "<group>"; };
		82D9896A23DD28F6005FB95D /* TreeImageCollectionViewCell.xib */ = {isa = PBXFileReference; lastKnownFileType = file.xib; path = TreeImageCollectionViewCell.xib; sourceTree = "<group>"; };
		82D9896D23DD2A76005FB95D /* ActivityTableViewCell.swift */ = {isa = PBXFileReference; lastKnownFileType = sourcecode.swift; path = ActivityTableViewCell.swift; sourceTree = "<group>"; };
		82D9896E23DD2A76005FB95D /* ActivityTableViewCell.xib */ = {isa = PBXFileReference; lastKnownFileType = file.xib; path = ActivityTableViewCell.xib; sourceTree = "<group>"; };
		82D9897123DD4484005FB95D /* Activity.swift */ = {isa = PBXFileReference; lastKnownFileType = sourcecode.swift; path = Activity.swift; sourceTree = "<group>"; };
		82D9897323DDBA29005FB95D /* ScanViewController.swift */ = {isa = PBXFileReference; lastKnownFileType = sourcecode.swift; path = ScanViewController.swift; sourceTree = "<group>"; };
		82D9897523DDBB22005FB95D /* InProgressUIViewController.swift */ = {isa = PBXFileReference; lastKnownFileType = sourcecode.swift; path = InProgressUIViewController.swift; sourceTree = "<group>"; };
		82D9897723DDC1BC005FB95D /* LeaderboardViewController.swift */ = {isa = PBXFileReference; lastKnownFileType = sourcecode.swift; path = LeaderboardViewController.swift; sourceTree = "<group>"; };
		82D9897923DDC33F005FB95D /* LeaderTableViewCell.swift */ = {isa = PBXFileReference; lastKnownFileType = sourcecode.swift; path = LeaderTableViewCell.swift; sourceTree = "<group>"; };
		82D9897A23DDC33F005FB95D /* LeaderTableViewCell.xib */ = {isa = PBXFileReference; lastKnownFileType = file.xib; path = LeaderTableViewCell.xib; sourceTree = "<group>"; };
		82D9897D23DDC952005FB95D /* stats.swift */ = {isa = PBXFileReference; lastKnownFileType = sourcecode.swift; path = stats.swift; sourceTree = "<group>"; };
/* End PBXFileReference section */

/* Begin PBXFrameworksBuildPhase section */
		82D9894F23DCD4D4005FB95D /* Frameworks */ = {
			isa = PBXFrameworksBuildPhase;
			buildActionMask = 2147483647;
			files = (
			);
			runOnlyForDeploymentPostprocessing = 0;
		};
/* End PBXFrameworksBuildPhase section */

/* Begin PBXGroup section */
		82D9894923DCD4D4005FB95D = {
			isa = PBXGroup;
			children = (
				82D9895423DCD4D4005FB95D /* LaForet */,
				82D9895323DCD4D4005FB95D /* Products */,
			);
			sourceTree = "<group>";
		};
		82D9895323DCD4D4005FB95D /* Products */ = {
			isa = PBXGroup;
			children = (
				82D9895223DCD4D4005FB95D /* LaForet.app */,
			);
			name = Products;
			sourceTree = "<group>";
		};
		82D9895423DCD4D4005FB95D /* LaForet */ = {
			isa = PBXGroup;
			children = (
				82D9895523DCD4D4005FB95D /* AppDelegate.swift */,
				82D9896D23DD2A76005FB95D /* ActivityTableViewCell.swift */,
				82D9897123DD4484005FB95D /* Activity.swift */,
				82D9896E23DD2A76005FB95D /* ActivityTableViewCell.xib */,
				82D9895723DCD4D4005FB95D /* SceneDelegate.swift */,
				82D9897723DDC1BC005FB95D /* LeaderboardViewController.swift */,
				82D9897923DDC33F005FB95D /* LeaderTableViewCell.swift */,
				82D9897D23DDC952005FB95D /* stats.swift */,
				82D9897A23DDC33F005FB95D /* LeaderTableViewCell.xib */,
				82D9895923DCD4D4005FB95D /* ViewController.swift */,
				82D9897323DDBA29005FB95D /* ScanViewController.swift */,
				82D9896923DD28F6005FB95D /* TreeImageCollectionViewCell.swift */,
				82D9896A23DD28F6005FB95D /* TreeImageCollectionViewCell.xib */,
				82D9895B23DCD4D4005FB95D /* Main.storyboard */,
				82D9897523DDBB22005FB95D /* InProgressUIViewController.swift */,
				82D9895E23DCD4D5005FB95D /* Assets.xcassets */,
				82D9896023DCD4D5005FB95D /* LaunchScreen.storyboard */,
				82D9896323DCD4D5005FB95D /* Info.plist */,
			);
			path = LaForet;
			sourceTree = "<group>";
		};
/* End PBXGroup section */

/* Begin PBXNativeTarget section */
		82D9895123DCD4D4005FB95D /* LaForet */ = {
			isa = PBXNativeTarget;
			buildConfigurationList = 82D9896623DCD4D5005FB95D /* Build configuration list for PBXNativeTarget "LaForet" */;
			buildPhases = (
				82D9894E23DCD4D4005FB95D /* Sources */,
				82D9894F23DCD4D4005FB95D /* Frameworks */,
				82D9895023DCD4D4005FB95D /* Resources */,
			);
			buildRules = (
			);
			dependencies = (
			);
			name = LaForet;
			productName = LaForet;
			productReference = 82D9895223DCD4D4005FB95D /* LaForet.app */;
			productType = "com.apple.product-type.application";
		};
/* End PBXNativeTarget section */

/* Begin PBXProject section */
		82D9894A23DCD4D4005FB95D /* Project object */ = {
			isa = PBXProject;
			attributes = {
				LastSwiftUpdateCheck = 1130;
				LastUpgradeCheck = 1130;
				ORGANIZATIONNAME = "Jacob Lazda";
				TargetAttributes = {
					82D9895123DCD4D4005FB95D = {
						CreatedOnToolsVersion = 11.3;
					};
				};
			};
			buildConfigurationList = 82D9894D23DCD4D4005FB95D /* Build configuration list for PBXProject "LaForet" */;
			compatibilityVersion = "Xcode 9.3";
			developmentRegion = en;
			hasScannedForEncodings = 0;
			knownRegions = (
				en,
				Base,
			);
			mainGroup = 82D9894923DCD4D4005FB95D;
			productRefGroup = 82D9895323DCD4D4005FB95D /* Products */;
			projectDirPath = "";
			projectRoot = "";
			targets = (
				82D9895123DCD4D4005FB95D /* LaForet */,
			);
		};
/* End PBXProject section */

/* Begin PBXResourcesBuildPhase section */
		82D9895023DCD4D4005FB95D /* Resources */ = {
			isa = PBXResourcesBuildPhase;
			buildActionMask = 2147483647;
			files = (
				82D9896223DCD4D5005FB95D /* LaunchScreen.storyboard in Resources */,
				82D9895F23DCD4D5005FB95D /* Assets.xcassets in Resources */,
				82D9897C23DDC33F005FB95D /* LeaderTableViewCell.xib in Resources */,
				82D9897023DD2A76005FB95D /* ActivityTableViewCell.xib in Resources */,
				82D9896C23DD28F6005FB95D /* TreeImageCollectionViewCell.xib in Resources */,
				82D9895D23DCD4D4005FB95D /* Main.storyboard in Resources */,
			);
			runOnlyForDeploymentPostprocessing = 0;
		};
/* End PBXResourcesBuildPhase section */

/* Begin PBXSourcesBuildPhase section */
		82D9894E23DCD4D4005FB95D /* Sources */ = {
			isa = PBXSourcesBuildPhase;
			buildActionMask = 2147483647;
			files = (
				82D9897B23DDC33F005FB95D /* LeaderTableViewCell.swift in Sources */,
				82D9897623DDBB22005FB95D /* InProgressUIViewController.swift in Sources */,
				82D9897223DD4484005FB95D /* Activity.swift in Sources */,
				82D9897423DDBA29005FB95D /* ScanViewController.swift in Sources */,
				82D9895A23DCD4D4005FB95D /* ViewController.swift in Sources */,
				82D9897823DDC1BC005FB95D /* LeaderboardViewController.swift in Sources */,
				82D9897E23DDC952005FB95D /* stats.swift in Sources */,
				82D9895623DCD4D4005FB95D /* AppDelegate.swift in Sources */,
				82D9896F23DD2A76005FB95D /* ActivityTableViewCell.swift in Sources */,
				82D9896B23DD28F6005FB95D /* TreeImageCollectionViewCell.swift in Sources */,
				82D9895823DCD4D4005FB95D /* SceneDelegate.swift in Sources */,
			);
			runOnlyForDeploymentPostprocessing = 0;
		};
/* End PBXSourcesBuildPhase section */

/* Begin PBXVariantGroup section */
		82D9895B23DCD4D4005FB95D /* Main.storyboard */ = {
			isa = PBXVariantGroup;
			children = (
				82D9895C23DCD4D4005FB95D /* Base */,
			);
			name = Main.storyboard;
			sourceTree = "<group>";
		};
		82D9896023DCD4D5005FB95D /* LaunchScreen.storyboard */ = {
			isa = PBXVariantGroup;
			children = (
				82D9896123DCD4D5005FB95D /* Base */,
			);
			name = LaunchScreen.storyboard;
			sourceTree = "<group>";
		};
/* End PBXVariantGroup section */

/* Begin XCBuildConfiguration section */
		82D9896423DCD4D5005FB95D /* Debug */ = {
			isa = XCBuildConfiguration;
			buildSettings = {
				ALWAYS_SEARCH_USER_PATHS = NO;
				CLANG_ANALYZER_NONNULL = YES;
				CLANG_ANALYZER_NUMBER_OBJECT_CONVERSION = YES_AGGRESSIVE;
				CLANG_CXX_LANGUAGE_STANDARD = "gnu++14";
				CLANG_CXX_LIBRARY = "libc++";
				CLANG_ENABLE_MODULES = YES;
				CLANG_ENABLE_OBJC_ARC = YES;
				CLANG_ENABLE_OBJC_WEAK = YES;
				CLANG_WARN_BLOCK_CAPTURE_AUTORELEASING = YES;
				CLANG_WARN_BOOL_CONVERSION = YES;
				CLANG_WARN_COMMA = YES;
				CLANG_WARN_CONSTANT_CONVERSION = YES;
				CLANG_WARN_DEPRECATED_OBJC_IMPLEMENTATIONS = YES;
				CLANG_WARN_DIRECT_OBJC_ISA_USAGE = YES_ERROR;
				CLANG_WARN_DOCUMENTATION_COMMENTS = YES;
				CLANG_WARN_EMPTY_BODY = YES;
				CLANG_WARN_ENUM_CONVERSION = YES;
				CLANG_WARN_INFINITE_RECURSION = YES;
				CLANG_WARN_INT_CONVERSION = YES;
				CLANG_WARN_NON_LITERAL_NULL_CONVERSION = YES;
				CLANG_WARN_OBJC_IMPLICIT_RETAIN_SELF = YES;
				CLANG_WARN_OBJC_LITERAL_CONVERSION = YES;
				CLANG_WARN_OBJC_ROOT_CLASS = YES_ERROR;
				CLANG_WARN_RANGE_LOOP_ANALYSIS = YES;
				CLANG_WARN_STRICT_PROTOTYPES = YES;
				CLANG_WARN_SUSPICIOUS_MOVE = YES;
				CLANG_WARN_UNGUARDED_AVAILABILITY = YES_AGGRESSIVE;
				CLANG_WARN_UNREACHABLE_CODE = YES;
				CLANG_WARN__DUPLICATE_METHOD_MATCH = YES;
				COPY_PHASE_STRIP = NO;
				DEBUG_INFORMATION_FORMAT = dwarf;
				ENABLE_STRICT_OBJC_MSGSEND = YES;
				ENABLE_TESTABILITY = YES;
				GCC_C_LANGUAGE_STANDARD = gnu11;
				GCC_DYNAMIC_NO_PIC = NO;
				GCC_NO_COMMON_BLOCKS = YES;
				GCC_OPTIMIZATION_LEVEL = 0;
				GCC_PREPROCESSOR_DEFINITIONS = (
					"DEBUG=1",
					"$(inherited)",
				);
				GCC_WARN_64_TO_32_BIT_CONVERSION = YES;
				GCC_WARN_ABOUT_RETURN_TYPE = YES_ERROR;
				GCC_WARN_UNDECLARED_SELECTOR = YES;
				GCC_WARN_UNINITIALIZED_AUTOS = YES_AGGRESSIVE;
				GCC_WARN_UNUSED_FUNCTION = YES;
				GCC_WARN_UNUSED_VARIABLE = YES;
				IPHONEOS_DEPLOYMENT_TARGET = 13.2;
				MTL_ENABLE_DEBUG_INFO = INCLUDE_SOURCE;
				MTL_FAST_MATH = YES;
				ONLY_ACTIVE_ARCH = YES;
				SDKROOT = iphoneos;
				SWIFT_ACTIVE_COMPILATION_CONDITIONS = DEBUG;
				SWIFT_OPTIMIZATION_LEVEL = "-Onone";
			};
			name = Debug;
		};
		82D9896523DCD4D5005FB95D /* Release */ = {
			isa = XCBuildConfiguration;
			buildSettings = {
				ALWAYS_SEARCH_USER_PATHS = NO;
				CLANG_ANALYZER_NONNULL = YES;
				CLANG_ANALYZER_NUMBER_OBJECT_CONVERSION = YES_AGGRESSIVE;
				CLANG_CXX_LANGUAGE_STANDARD = "gnu++14";
				CLANG_CXX_LIBRARY = "libc++";
				CLANG_ENABLE_MODULES = YES;
				CLANG_ENABLE_OBJC_ARC = YES;
				CLANG_ENABLE_OBJC_WEAK = YES;
				CLANG_WARN_BLOCK_CAPTURE_AUTORELEASING = YES;
				CLANG_WARN_BOOL_CONVERSION = YES;
				CLANG_WARN_COMMA = YES;
				CLANG_WARN_CONSTANT_CONVERSION = YES;
				CLANG_WARN_DEPRECATED_OBJC_IMPLEMENTATIONS = YES;
				CLANG_WARN_DIRECT_OBJC_ISA_USAGE = YES_ERROR;
				CLANG_WARN_DOCUMENTATION_COMMENTS = YES;
				CLANG_WARN_EMPTY_BODY = YES;
				CLANG_WARN_ENUM_CONVERSION = YES;
				CLANG_WARN_INFINITE_RECURSION = YES;
				CLANG_WARN_INT_CONVERSION = YES;
				CLANG_WARN_NON_LITERAL_NULL_CONVERSION = YES;
				CLANG_WARN_OBJC_IMPLICIT_RETAIN_SELF = YES;
				CLANG_WARN_OBJC_LITERAL_CONVERSION = YES;
				CLANG_WARN_OBJC_ROOT_CLASS = YES_ERROR;
				CLANG_WARN_RANGE_LOOP_ANALYSIS = YES;
				CLANG_WARN_STRICT_PROTOTYPES = YES;
				CLANG_WARN_SUSPICIOUS_MOVE = YES;
				CLANG_WARN_UNGUARDED_AVAILABILITY = YES_AGGRESSIVE;
				CLANG_WARN_UNREACHABLE_CODE = YES;
				CLANG_WARN__DUPLICATE_METHOD_MATCH = YES;
				COPY_PHASE_STRIP = NO;
				DEBUG_INFORMATION_FORMAT = "dwarf-with-dsym";
				ENABLE_NS_ASSERTIONS = NO;
				ENABLE_STRICT_OBJC_MSGSEND = YES;
				GCC_C_LANGUAGE_STANDARD = gnu11;
				GCC_NO_COMMON_BLOCKS = YES;
				GCC_WARN_64_TO_32_BIT_CONVERSION = YES;
				GCC_WARN_ABOUT_RETURN_TYPE = YES_ERROR;
				GCC_WARN_UNDECLARED_SELECTOR = YES;
				GCC_WARN_UNINITIALIZED_AUTOS = YES_AGGRESSIVE;
				GCC_WARN_UNUSED_FUNCTION = YES;
				GCC_WARN_UNUSED_VARIABLE = YES;
				IPHONEOS_DEPLOYMENT_TARGET = 13.2;
				MTL_ENABLE_DEBUG_INFO = NO;
				MTL_FAST_MATH = YES;
				SDKROOT = iphoneos;
				SWIFT_COMPILATION_MODE = wholemodule;
				SWIFT_OPTIMIZATION_LEVEL = "-O";
				VALIDATE_PRODUCT = YES;
			};
			name = Release;
		};
		82D9896723DCD4D5005FB95D /* Debug */ = {
			isa = XCBuildConfiguration;
			buildSettings = {
				ASSETCATALOG_COMPILER_APPICON_NAME = AppIcon;
				CODE_SIGN_STYLE = Automatic;
				DEVELOPMENT_TEAM = F567V66DT2;
				INFOPLIST_FILE = LaForet/Info.plist;
				LD_RUNPATH_SEARCH_PATHS = (
					"$(inherited)",
					"@executable_path/Frameworks",
				);
				PRODUCT_BUNDLE_IDENTIFIER = com.jacoblazda.LaForet;
				PRODUCT_NAME = "$(TARGET_NAME)";
				SWIFT_VERSION = 5.0;
				TARGETED_DEVICE_FAMILY = "1,2";
			};
			name = Debug;
		};
		82D9896823DCD4D5005FB95D /* Release */ = {
			isa = XCBuildConfiguration;
			buildSettings = {
				ASSETCATALOG_COMPILER_APPICON_NAME = AppIcon;
				CODE_SIGN_STYLE = Automatic;
				DEVELOPMENT_TEAM = F567V66DT2;
				INFOPLIST_FILE = LaForet/Info.plist;
				LD_RUNPATH_SEARCH_PATHS = (
					"$(inherited)",
					"@executable_path/Frameworks",
				);
				PRODUCT_BUNDLE_IDENTIFIER = com.jacoblazda.LaForet;
				PRODUCT_NAME = "$(TARGET_NAME)";
				SWIFT_VERSION = 5.0;
				TARGETED_DEVICE_FAMILY = "1,2";
			};
			name = Release;
		};
/* End XCBuildConfiguration section */

/* Begin XCConfigurationList section */
		82D9894D23DCD4D4005FB95D /* Build configuration list for PBXProject "LaForet" */ = {
			isa = XCConfigurationList;
			buildConfigurations = (
				82D9896423DCD4D5005FB95D /* Debug */,
				82D9896523DCD4D5005FB95D /* Release */,
			);
			defaultConfigurationIsVisible = 0;
			defaultConfigurationName = Release;
		};
		82D9896623DCD4D5005FB95D /* Build configuration list for PBXNativeTarget "LaForet" */ = {
			isa = XCConfigurationList;
			buildConfigurations = (
				82D9896723DCD4D5005FB95D /* Debug */,
				82D9896823DCD4D5005FB95D /* Release */,
			);
			defaultConfigurationIsVisible = 0;
			defaultConfigurationName = Release;
		};
/* End XCConfigurationList section */
	};
	rootObject = 82D9894A23DCD4D4005FB95D /* Project object */;
}
